
Microsoft Visual Studio Solution File, Format Version 12.00
# Visual Studio 15
Project("{FAE04EC0-301F-11D3-BF4B-00C04F79EFBC}") = "Assembly-CSharp", "Assembly-CSharp.csproj", "{BD838FAC-99D8-017D-E77E-0165DFC15C05}"
EndProject
Global
	GlobalSection(SolutionConfigurationPlatforms) = preSolution
		Debug|Any CPU = Debug|Any CPU
		Release|Any CPU = Release|Any CPU
	EndGlobalSection
	GlobalSection(ProjectConfigurationPlatforms) = postSolution
		{BD838FAC-99D8-017D-E77E-0165DFC15C05}.Debug|Any CPU.ActiveCfg = Debug|Any CPU
		{BD838FAC-99D8-017D-E77E-0165DFC15C05}.Debug|Any CPU.Build.0 = Debug|Any CPU
		{BD838FAC-99D8-017D-E77E-0165DFC15C05}.Release|Any CPU.ActiveCfg = Release|Any CPU
		{BD838FAC-99D8-017D-E77E-0165DFC15C05}.Release|Any CPU.Build.0 = Release|Any CPU
	EndGlobalSection
	GlobalSection(SolutionProperties) = preSolution
		HideSolutionNode = FALSE
	EndGlobalSection
EndGlobal
